
Microsoft Visual Studio Solution File, Format Version 11.00
# Visual Studio 2010
Project("{FAE04EC0-301F-11D3-BF4B-00C04F79EFBC}") = "NewMapEditor", "NewMapEditor\NewMapEditor.csproj", "{7EF947FB-0118-4A17-9F9D-F0511EE345C3}"
EndProject
Project("{FAE04EC0-301F-11D3-BF4B-00C04F79EFBC}") = "Core", "..\..\..\DEASL\Stable\Core\Core.csproj", "{DF9C7845-B13A-4FFA-BD14-ABBFBD5B28D4}"
EndProject
Project("{FAE04EC0-301F-11D3-BF4B-00C04F79EFBC}") = "CommonRenderables", "..\..\..\DEASL\Stable\Components\User Interface\CommonRenderables\CommonRenderables.csproj", "{55F066AF-D7DC-4175-AF3D-8828788B48E8}"
EndProject
Project("{FAE04EC0-301F-11D3-BF4B-00C04F79EFBC}") = "Mapping", "..\..\..\DEASL\Stable\Components\Mapping\Mapping\Mapping.csproj", "{C9A5BF74-0D04-45B9-8651-51F725974D3B}"
EndProject
Global
	GlobalSection(SolutionConfigurationPlatforms) = preSolution
		Debug|Any CPU = Debug|Any CPU
		Debug|Mixed Platforms = Debug|Mixed Platforms
		Debug|x86 = Debug|x86
		Release|Any CPU = Release|Any CPU
		Release|Mixed Platforms = Release|Mixed Platforms
		Release|x86 = Release|x86
	EndGlobalSection
	GlobalSection(ProjectConfigurationPlatforms) = postSolution
		{7EF947FB-0118-4A17-9F9D-F0511EE345C3}.Debug|Any CPU.ActiveCfg = Debug|x86
		{7EF947FB-0118-4A17-9F9D-F0511EE345C3}.Debug|Mixed Platforms.ActiveCfg = Debug|x86
		{7EF947FB-0118-4A17-9F9D-F0511EE345C3}.Debug|Mixed Platforms.Build.0 = Debug|x86
		{7EF947FB-0118-4A17-9F9D-F0511EE345C3}.Debug|x86.ActiveCfg = Debug|x86
		{7EF947FB-0118-4A17-9F9D-F0511EE345C3}.Debug|x86.Build.0 = Debug|x86
		{7EF947FB-0118-4A17-9F9D-F0511EE345C3}.Release|Any CPU.ActiveCfg = Release|x86
		{7EF947FB-0118-4A17-9F9D-F0511EE345C3}.Release|Mixed Platforms.ActiveCfg = Release|x86
		{7EF947FB-0118-4A17-9F9D-F0511EE345C3}.Release|Mixed Platforms.Build.0 = Release|x86
		{7EF947FB-0118-4A17-9F9D-F0511EE345C3}.Release|x86.ActiveCfg = Release|x86
		{7EF947FB-0118-4A17-9F9D-F0511EE345C3}.Release|x86.Build.0 = Release|x86
		{DF9C7845-B13A-4FFA-BD14-ABBFBD5B28D4}.Debug|Any CPU.ActiveCfg = Debug|Any CPU
		{DF9C7845-B13A-4FFA-BD14-ABBFBD5B28D4}.Debug|Any CPU.Build.0 = Debug|Any CPU
		{DF9C7845-B13A-4FFA-BD14-ABBFBD5B28D4}.Debug|Mixed Platforms.ActiveCfg = Debug|Any CPU
		{DF9C7845-B13A-4FFA-BD14-ABBFBD5B28D4}.Debug|Mixed Platforms.Build.0 = Debug|Any CPU
		{DF9C7845-B13A-4FFA-BD14-ABBFBD5B28D4}.Debug|x86.ActiveCfg = Debug|Any CPU
		{DF9C7845-B13A-4FFA-BD14-ABBFBD5B28D4}.Release|Any CPU.ActiveCfg = Release|Any CPU
		{DF9C7845-B13A-4FFA-BD14-ABBFBD5B28D4}.Release|Any CPU.Build.0 = Release|Any CPU
		{DF9C7845-B13A-4FFA-BD14-ABBFBD5B28D4}.Release|Mixed Platforms.ActiveCfg = Release|Any CPU
		{DF9C7845-B13A-4FFA-BD14-ABBFBD5B28D4}.Release|Mixed Platforms.Build.0 = Release|Any CPU
		{DF9C7845-B13A-4FFA-BD14-ABBFBD5B28D4}.Release|x86.ActiveCfg = Release|Any CPU
		{55F066AF-D7DC-4175-AF3D-8828788B48E8}.Debug|Any CPU.ActiveCfg = Debug|Any CPU
		{55F066AF-D7DC-4175-AF3D-8828788B48E8}.Debug|Any CPU.Build.0 = Debug|Any CPU
		{55F066AF-D7DC-4175-AF3D-8828788B48E8}.Debug|Mixed Platforms.ActiveCfg = Debug|Any CPU
		{55F066AF-D7DC-4175-AF3D-8828788B48E8}.Debug|Mixed Platforms.Build.0 = Debug|Any CPU
		{55F066AF-D7DC-4175-AF3D-8828788B48E8}.Debug|x86.ActiveCfg = Debug|Any CPU
		{55F066AF-D7DC-4175-AF3D-8828788B48E8}.Release|Any CPU.ActiveCfg = Release|Any CPU
		{55F066AF-D7DC-4175-AF3D-8828788B48E8}.Release|Any CPU.Build.0 = Release|Any CPU
		{55F066AF-D7DC-4175-AF3D-8828788B48E8}.Release|Mixed Platforms.ActiveCfg = Release|Any CPU
		{55F066AF-D7DC-4175-AF3D-8828788B48E8}.Release|Mixed Platforms.Build.0 = Release|Any CPU
		{55F066AF-D7DC-4175-AF3D-8828788B48E8}.Release|x86.ActiveCfg = Release|Any CPU
		{C9A5BF74-0D04-45B9-8651-51F725974D3B}.Debug|Any CPU.ActiveCfg = Debug|Any CPU
		{C9A5BF74-0D04-45B9-8651-51F725974D3B}.Debug|Any CPU.Build.0 = Debug|Any CPU
		{C9A5BF74-0D04-45B9-8651-51F725974D3B}.Debug|Mixed Platforms.ActiveCfg = Debug|Any CPU
		{C9A5BF74-0D04-45B9-8651-51F725974D3B}.Debug|Mixed Platforms.Build.0 = Debug|Any CPU
		{C9A5BF74-0D04-45B9-8651-51F725974D3B}.Debug|x86.ActiveCfg = Debug|Any CPU
		{C9A5BF74-0D04-45B9-8651-51F725974D3B}.Release|Any CPU.ActiveCfg = Release|Any CPU
		{C9A5BF74-0D04-45B9-8651-51F725974D3B}.Release|Any CPU.Build.0 = Release|Any CPU
		{C9A5BF74-0D04-45B9-8651-51F725974D3B}.Release|Mixed Platforms.ActiveCfg = Release|Any CPU
		{C9A5BF74-0D04-45B9-8651-51F725974D3B}.Release|Mixed Platforms.Build.0 = Release|Any CPU
		{C9A5BF74-0D04-45B9-8651-51F725974D3B}.Release|x86.ActiveCfg = Release|Any CPU
	EndGlobalSection
	GlobalSection(SolutionProperties) = preSolution
		HideSolutionNode = FALSE
	EndGlobalSection
EndGlobal
